
Microsoft Visual Studio Solution File, Format Version 12.00
# Visual Studio Version 17
VisualStudioVersion = 17.1.32328.378
MinimumVisualStudioVersion = 10.0.40219.1
Project("{FAE04EC0-301F-11D3-BF4B-00C04F79EFBC}") = "Bool", "Bool.csproj", "{7E5B91FB-654E-4F11-94C1-DE03904440AD}"
EndProject
Global
	GlobalSection(SolutionConfigurationPlatforms) = preSolution
		Debug|Any CPU = Debug|Any CPU
		Release|Any CPU = Release|Any CPU
	EndGlobalSection
	GlobalSection(ProjectConfigurationPlatforms) = postSolution
		{7E5B91FB-654E-4F11-94C1-DE03904440AD}.Debug|Any CPU.ActiveCfg = Debug|Any CPU
		{7E5B91FB-654E-4F11-94C1-DE03904440AD}.Debug|Any CPU.Build.0 = Debug|Any CPU
		{7E5B91FB-654E-4F11-94C1-DE03904440AD}.Release|Any CPU.ActiveCfg = Release|Any CPU
		{7E5B91FB-654E-4F11-94C1-DE03904440AD}.Release|Any CPU.Build.0 = Release|Any CPU
	EndGlobalSection
	GlobalSection(SolutionProperties) = preSolution
		HideSolutionNode = FALSE
	EndGlobalSection
	GlobalSection(ExtensibilityGlobals) = postSolution
		SolutionGuid = {4CDC691F-33EE-4E43-8465-C0EFC190A3B9}
	EndGlobalSection
EndGlobal
